
Microsoft Visual Studio Solution File, Format Version 12.00
# Visual Studio Version 16
VisualStudioVersion = 16.0.31624.102
MinimumVisualStudioVersion = 10.0.40219.1
Project("{FAE04EC0-301F-11D3-BF4B-00C04F79EFBC}") = "APIHomework", "APIHomework\APIHomework.csproj", "{22F304D8-8553-49DE-9CE0-F979B6689D17}"
EndProject
Project("{FAE04EC0-301F-11D3-BF4B-00C04F79EFBC}") = "ServerAPI", "ServerAPI\ServerAPI.csproj", "{5CE4A97E-15EF-4435-8B7D-3939F91D77A2}"
EndProject
Global
	GlobalSection(SolutionConfigurationPlatforms) = preSolution
		Debug|Any CPU = Debug|Any CPU
		Release|Any CPU = Release|Any CPU
	EndGlobalSection
	GlobalSection(ProjectConfigurationPlatforms) = postSolution
		{22F304D8-8553-49DE-9CE0-F979B6689D17}.Debug|Any CPU.ActiveCfg = Debug|Any CPU
		{22F304D8-8553-49DE-9CE0-F979B6689D17}.Debug|Any CPU.Build.0 = Debug|Any CPU
		{22F304D8-8553-49DE-9CE0-F979B6689D17}.Release|Any CPU.ActiveCfg = Release|Any CPU
		{22F304D8-8553-49DE-9CE0-F979B6689D17}.Release|Any CPU.Build.0 = Release|Any CPU
		{5CE4A97E-15EF-4435-8B7D-3939F91D77A2}.Debug|Any CPU.ActiveCfg = Debug|Any CPU
		{5CE4A97E-15EF-4435-8B7D-3939F91D77A2}.Debug|Any CPU.Build.0 = Debug|Any CPU
		{5CE4A97E-15EF-4435-8B7D-3939F91D77A2}.Release|Any CPU.ActiveCfg = Release|Any CPU
		{5CE4A97E-15EF-4435-8B7D-3939F91D77A2}.Release|Any CPU.Build.0 = Release|Any CPU
	EndGlobalSection
	GlobalSection(SolutionProperties) = preSolution
		HideSolutionNode = FALSE
	EndGlobalSection
	GlobalSection(ExtensibilityGlobals) = postSolution
		SolutionGuid = {B0F49DBF-9B03-4243-B9DB-A61579A1AFC5}
	EndGlobalSection
EndGlobal
